
Microsoft Visual Studio Solution File, Format Version 12.00
# Visual Studio Version 17
VisualStudioVersion = 17.1.32210.238
MinimumVisualStudioVersion = 10.0.40219.1
Project("{FAE04EC0-301F-11D3-BF4B-00C04F79EFBC}") = "UC-9", "UC-9.csproj", "{37299C7F-72B2-4579-9399-6468BDCCF17B}"
EndProject
Global
	GlobalSection(SolutionConfigurationPlatforms) = preSolution
		Debug|Any CPU = Debug|Any CPU
		Release|Any CPU = Release|Any CPU
	EndGlobalSection
	GlobalSection(ProjectConfigurationPlatforms) = postSolution
		{37299C7F-72B2-4579-9399-6468BDCCF17B}.Debug|Any CPU.ActiveCfg = Debug|Any CPU
		{37299C7F-72B2-4579-9399-6468BDCCF17B}.Debug|Any CPU.Build.0 = Debug|Any CPU
		{37299C7F-72B2-4579-9399-6468BDCCF17B}.Release|Any CPU.ActiveCfg = Release|Any CPU
		{37299C7F-72B2-4579-9399-6468BDCCF17B}.Release|Any CPU.Build.0 = Release|Any CPU
	EndGlobalSection
	GlobalSection(SolutionProperties) = preSolution
		HideSolutionNode = FALSE
	EndGlobalSection
	GlobalSection(ExtensibilityGlobals) = postSolution
		SolutionGuid = {9AE51429-9CBC-4A9F-BD59-32E67BAE0B54}
	EndGlobalSection
EndGlobal
